Microsoft Visual Studio Solution File, Format Version 12.00
# Visual Studio Version 17
VisualStudioVersion = 17.11.35222.181
MinimumVisualStudioVersion = 10.0.40219.1
Project("{E24C65DC-7377-472B-9ABA-BC803B73C61A}") = "CarsLegacy", "CarsLegacy\", "{954D293D-99BA-1C8A-25B9-638B7879F009}"
	ProjectSection(WebsiteProperties) = preProject
		TargetFrameworkMoniker = ".NETFramework,Version%3Dv4.8"
		Debug.AspNetCompiler.VirtualPath = "/localhost_51590"
		Debug.AspNetCompiler.PhysicalPath = "CarsLegacy\"
		Debug.AspNetCompiler.TargetPath = "PrecompiledWeb\localhost_51590\"
		Debug.AspNetCompiler.Updateable = "true"
		Debug.AspNetCompiler.ForceOverwrite = "true"
		Debug.AspNetCompiler.FixedNames = "false"
		Debug.AspNetCompiler.Debug = "True"
		Release.AspNetCompiler.VirtualPath = "/localhost_51590"
		Release.AspNetCompiler.PhysicalPath = "CarsLegacy\"
		Release.AspNetCompiler.TargetPath = "PrecompiledWeb\localhost_51590\"
		Release.AspNetCompiler.Updateable = "true"
		Release.AspNetCompiler.ForceOverwrite = "true"
		Release.AspNetCompiler.FixedNames = "false"
		Release.AspNetCompiler.Debug = "False"
		VWDPort = "51590"
		SlnRelativePath = "CarsLegacy\"
		DefaultWebSiteLanguage = "Visual C#"
	EndProjectSection
EndProject
Global
	GlobalSection(SolutionConfigurationPlatforms) = preSolution
		Debug|Any CPU = Debug|Any CPU
		Release|Any CPU = Release|Any CPU
	EndGlobalSection
	GlobalSection(ProjectConfigurationPlatforms) = postSolution
		{954D293D-99BA-1C8A-25B9-638B7879F009}.Debug|Any CPU.ActiveCfg = Debug|Any CPU
		{954D293D-99BA-1C8A-25B9-638B7879F009}.Debug|Any CPU.Build.0 = Debug|Any CPU
		{954D293D-99BA-1C8A-25B9-638B7879F009}.Release|Any CPU.ActiveCfg = Debug|Any CPU
		{954D293D-99BA-1C8A-25B9-638B7879F009}.Release|Any CPU.Build.0 = Debug|Any CPU
	EndGlobalSection
	GlobalSection(SolutionProperties) = preSolution
		HideSolutionNode = FALSE
	EndGlobalSection
	GlobalSection(ExtensibilityGlobals) = postSolution
		SolutionGuid = {28FBB717-541E-4DA4-92C4-D3E964458934}
	EndGlobalSection
EndGlobal
