
Microsoft Visual Studio Solution File, Format Version 12.00
# Visual Studio Version 17
VisualStudioVersion = 17.11.35222.181
MinimumVisualStudioVersion = 10.0.40219.1
Project("{FAE04EC0-301F-11D3-BF4B-00C04F79EFBC}") = "Cars", "Cars\Cars.csproj", "{98048735-5C0E-40B0-A042-2FE68AA63BEB}"
EndProject
Global
	GlobalSection(SolutionConfigurationPlatforms) = preSolution
		Debug|Any CPU = Debug|Any CPU
		Release|Any CPU = Release|Any CPU
	EndGlobalSection
	GlobalSection(ProjectConfigurationPlatforms) = postSolution
		{98048735-5C0E-40B0-A042-2FE68AA63BEB}.Debug|Any CPU.ActiveCfg = Debug|Any CPU
		{98048735-5C0E-40B0-A042-2FE68AA63BEB}.Debug|Any CPU.Build.0 = Debug|Any CPU
		{98048735-5C0E-40B0-A042-2FE68AA63BEB}.Release|Any CPU.ActiveCfg = Release|Any CPU
		{98048735-5C0E-40B0-A042-2FE68AA63BEB}.Release|Any CPU.Build.0 = Release|Any CPU
	EndGlobalSection
	GlobalSection(SolutionProperties) = preSolution
		HideSolutionNode = FALSE
	EndGlobalSection
	GlobalSection(ExtensibilityGlobals) = postSolution
		SolutionGuid = {28FBB717-541E-4DA4-92C4-D3E964458934}
	EndGlobalSection
EndGlobal

